// !$*UTF8*$!
{
	archiveVersion = 1;
	classes = {
	};
	objectVersion = 46;
	objects = {

/* Begin PBXBuildFile section */
		35EE917FBCAD1C93854FF09B /* Pods_Food_Hygiene_Ratings_FoodHygieneRatingsTests.framework in Frameworks */ = {isa = PBXBuildFile; fileRef = 381B887A673C3D136AA2C6D1 /* Pods_Food_Hygiene_Ratings_FoodHygieneRatingsTests.framework */; };
		3F3171D5D771CCA9D9065A64 /* Pods_Food_Hygiene_Ratings.framework in Frameworks */ = {isa = PBXBuildFile; fileRef = 9512809EDBCF19C0578F7934 /* Pods_Food_Hygiene_Ratings.framework */; };
		4D100DC91E61B0F6005EB6E9 /* Query.swift in Sources */ = {isa = PBXBuildFile; fileRef = 4D100DC81E61B0F6005EB6E9 /* Query.swift */; };
		4D100DCB1E644FB9005EB6E9 /* Address.swift in Sources */ = {isa = PBXBuildFile; fileRef = 4D100DCA1E644FB9005EB6E9 /* Address.swift */; };
		4D100DCD1E645103005EB6E9 /* AddressTests.swift in Sources */ = {isa = PBXBuildFile; fileRef = 4D100DCC1E645103005EB6E9 /* AddressTests.swift */; };
		4D14D3621F8B9ED500FAE135 /* StoreKit.framework in Frameworks */ = {isa = PBXBuildFile; fileRef = 4D14D3611F8B9ED500FAE135 /* StoreKit.framework */; };
		4D14D3641F8BB52200FAE135 /* Ratings.swift in Sources */ = {isa = PBXBuildFile; fileRef = 4D14D3631F8BB52200FAE135 /* Ratings.swift */; };
		4D17D4A91F7FD79E00A0A0BE /* Formatting.swift in Sources */ = {isa = PBXBuildFile; fileRef = 4D17D4A81F7FD79E00A0A0BE /* Formatting.swift */; };
		4D17D4AB1F7FE2F900A0A0BE /* CoordinateTest.swift in Sources */ = {isa = PBXBuildFile; fileRef = 4D17D4AA1F7FE2F900A0A0BE /* CoordinateTest.swift */; };
		4D17D4AD1F7FEE7400A0A0BE /* Logging.swift in Sources */ = {isa = PBXBuildFile; fileRef = 4D17D4AC1F7FEE7400A0A0BE /* Logging.swift */; };
		4D3717B31E4C7ED100644A0C /* AppDelegate.swift in Sources */ = {isa = PBXBuildFile; fileRef = 4D3717B21E4C7ED100644A0C /* AppDelegate.swift */; };
		4D3717B81E4C7ED100644A0C /* Main.storyboard in Resources */ = {isa = PBXBuildFile; fileRef = 4D3717B61E4C7ED100644A0C /* Main.storyboard */; };
		4D3717BA1E4C7ED100644A0C /* Assets.xcassets in Resources */ = {isa = PBXBuildFile; fileRef = 4D3717B91E4C7ED100644A0C /* Assets.xcassets */; };
		4D3717BD1E4C7ED100644A0C /* LaunchScreen.storyboard in Resources */ = {isa = PBXBuildFile; fileRef = 4D3717BB1E4C7ED100644A0C /* LaunchScreen.storyboard */; };
		4D3717CD1E4CCF0400644A0C /* MapViewController.swift in Sources */ = {isa = PBXBuildFile; fileRef = 4D3717CC1E4CCF0400644A0C /* MapViewController.swift */; };
		4D3717CF1E4CCF4700644A0C /* SearchViewController.swift in Sources */ = {isa = PBXBuildFile; fileRef = 4D3717CE1E4CCF4700644A0C /* SearchViewController.swift */; };
		4D3717D21E4CD84F00644A0C /* Settings.bundle in Resources */ = {isa = PBXBuildFile; fileRef = 4D3717D11E4CD84F00644A0C /* Settings.bundle */; };
		4D3717D41E4DC1FC00644A0C /* Establishment.swift in Sources */ = {isa = PBXBuildFile; fileRef = 4D3717D31E4DC1FC00644A0C /* Establishment.swift */; };
		4D3717D61E4DC21100644A0C /* FoodHygieneAPI.swift in Sources */ = {isa = PBXBuildFile; fileRef = 4D3717D51E4DC21100644A0C /* FoodHygieneAPI.swift */; };
		4D3717D81E4DC22000644A0C /* WebServiceClient.swift in Sources */ = {isa = PBXBuildFile; fileRef = 4D3717D71E4DC22000644A0C /* WebServiceClient.swift */; };
		4D3717DA1E4DC23B00644A0C /* MapMarker.swift in Sources */ = {isa = PBXBuildFile; fileRef = 4D3717D91E4DC23B00644A0C /* MapMarker.swift */; };
		4D3717EA1E4DC41300644A0C /* FoodHygieneAPITest.swift in Sources */ = {isa = PBXBuildFile; fileRef = 4D3717E91E4DC41300644A0C /* FoodHygieneAPITest.swift */; };
		4D3717EC1E4DC6D000644A0C /* establishments.json in Resources */ = {isa = PBXBuildFile; fileRef = 4D3717EB1E4DC6D000644A0C /* establishments.json */; };
		4D3717F31E4DF0BB00644A0C /* MainModel.swift in Sources */ = {isa = PBXBuildFile; fileRef = 4D3717F21E4DF0BB00644A0C /* MainModel.swift */; };
		4D5C39051E4E1D0A00707D14 /* IDataProvider.swift in Sources */ = {isa = PBXBuildFile; fileRef = 4D5C39041E4E1D0A00707D14 /* IDataProvider.swift */; };
		4D5C39071E4E1D5500707D14 /* DataProvider.swift in Sources */ = {isa = PBXBuildFile; fileRef = 4D5C39061E4E1D5500707D14 /* DataProvider.swift */; };
		4D5C39091E50605600707D14 /* RootViewController.swift in Sources */ = {isa = PBXBuildFile; fileRef = 4D5C39081E50605600707D14 /* RootViewController.swift */; };
		4D5C390C1E507E6200707D14 /* WebViewController.swift in Sources */ = {isa = PBXBuildFile; fileRef = 4D5C390B1E507E6200707D14 /* WebViewController.swift */; };
		4D5C390E1E51DBBD00707D14 /* DetailsViewController.swift in Sources */ = {isa = PBXBuildFile; fileRef = 4D5C390D1E51DBBD00707D14 /* DetailsViewController.swift */; };
		4D5C39131E521C5A00707D14 /* GoogleService-Info.plist in Resources */ = {isa = PBXBuildFile; fileRef = 4D5C39121E521C5A00707D14 /* GoogleService-Info.plist */; };
		4D5C39151E521D9300707D14 /* Ads.swift in Sources */ = {isa = PBXBuildFile; fileRef = 4D5C39141E521D9300707D14 /* Ads.swift */; };
		4D5C39171E53B20100707D14 /* RatingsLogos.xcassets in Resources */ = {isa = PBXBuildFile; fileRef = 4D5C39161E53B20100707D14 /* RatingsLogos.xcassets */; };
		4D5C39191E5462BE00707D14 /* RatingsLogoCell.swift in Sources */ = {isa = PBXBuildFile; fileRef = 4D5C39181E5462BE00707D14 /* RatingsLogoCell.swift */; };
		4D5C391B1E55CB9E00707D14 /* DataProcessing.swift in Sources */ = {isa = PBXBuildFile; fileRef = 4D5C391A1E55CB9E00707D14 /* DataProcessing.swift */; };
		4D5C391F1E55D42400707D14 /* DataProcessingTest.swift in Sources */ = {isa = PBXBuildFile; fileRef = 4D5C391E1E55D42400707D14 /* DataProcessingTest.swift */; };
		4D5C39211E55D85B00707D14 /* Business.swift in Sources */ = {isa = PBXBuildFile; fileRef = 4D5C39201E55D85B00707D14 /* Business.swift */; };
		4D5C39231E5AFD5600707D14 /* LocalViewController.swift in Sources */ = {isa = PBXBuildFile; fileRef = 4D5C39221E5AFD5600707D14 /* LocalViewController.swift */; };
		4D5C39271E5C49A800707D14 /* stoke.json in Resources */ = {isa = PBXBuildFile; fileRef = 4D5C39261E5C49A800707D14 /* stoke.json */; };
		4D5C39291E5C4A1A00707D14 /* DummyDataProvider.swift in Sources */ = {isa = PBXBuildFile; fileRef = 4D5C39281E5C4A1A00707D14 /* DummyDataProvider.swift */; };
		4D5C392D1E5C92E100707D14 /* Scores.swift in Sources */ = {isa = PBXBuildFile; fileRef = 4D5C392C1E5C92E100707D14 /* Scores.swift */; };
		4D6619201E66DB0800724276 /* authorities.json in Resources */ = {isa = PBXBuildFile; fileRef = 4D66191F1E66DB0800724276 /* authorities.json */; };
		4D6619221E66DB7E00724276 /* businessTypes.json in Resources */ = {isa = PBXBuildFile; fileRef = 4D6619211E66DB7E00724276 /* businessTypes.json */; };
		4D6619261E66F6A600724276 /* ListViewController.swift in Sources */ = {isa = PBXBuildFile; fileRef = 4D6619251E66F6A600724276 /* ListViewController.swift */; };
		4D6619281E67526D00724276 /* LocalAuthority.swift in Sources */ = {isa = PBXBuildFile; fileRef = 4D6619271E67526D00724276 /* LocalAuthority.swift */; };
		4DB0114A1E65929000B4F04B /* glasgow.json in Resources */ = {isa = PBXBuildFile; fileRef = 4DB011491E65929000B4F04B /* glasgow.json */; };
		4DB0114C1E65A24300B4F04B /* Rating.swift in Sources */ = {isa = PBXBuildFile; fileRef = 4DB0114B1E65A24300B4F04B /* Rating.swift */; };
		4DB64E2B1E5D997D00D1321B /* DetailsTableDelegate.swift in Sources */ = {isa = PBXBuildFile; fileRef = 4DB64E2A1E5D997D00D1321B /* DetailsTableDelegate.swift */; };
		4DB64E2D1E5DA34E00D1321B /* NoScoresTableDelegate.swift in Sources */ = {isa = PBXBuildFile; fileRef = 4DB64E2C1E5DA34E00D1321B /* NoScoresTableDelegate.swift */; };
		4DB64E331E5DB24E00D1321B /* UIViewControllerExtensions.swift in Sources */ = {isa = PBXBuildFile; fileRef = 4DB64E321E5DB24E00D1321B /* UIViewControllerExtensions.swift */; };
		4DB64E3A1E5F1FB900D1321B /* AdvancedSearchViewController.swift in Sources */ = {isa = PBXBuildFile; fileRef = 4DB64E391E5F1FB900D1321B /* AdvancedSearchViewController.swift */; };
/* End PBXBuildFile section */

/* Begin PBXContainerItemProxy section */
		4D3717E41E4DC33000644A0C /* PBXContainerItemProxy */ = {
			isa = PBXContainerItemProxy;
			containerPortal = 4D3717A71E4C7ED100644A0C /* Project object */;
			proxyType = 1;
			remoteGlobalIDString = 4D3717AE1E4C7ED100644A0C;
			remoteInfo = "Food Hygiene Ratings";
		};
/* End PBXContainerItemProxy section */

/* Begin PBXFileReference section */
		33986B8773B33D48AF71E46E /* Pods-Food Hygiene Ratings-FoodHygieneRatingsTests.debug.xcconfig */ = {isa = PBXFileReference; includeInIndex = 1; lastKnownFileType = text.xcconfig; name = "Pods-Food Hygiene Ratings-FoodHygieneRatingsTests.debug.xcconfig"; path = "Pods/Target Support Files/Pods-Food Hygiene Ratings-FoodHygieneRatingsTests/Pods-Food Hygiene Ratings-FoodHygieneRatingsTests.debug.xcconfig"; sourceTree = "<group>"; };
		381B887A673C3D136AA2C6D1 /* Pods_Food_Hygiene_Ratings_FoodHygieneRatingsTests.framework */ = {isa = PBXFileReference; explicitFileType = wrapper.framework; includeInIndex = 0; path = Pods_Food_Hygiene_Ratings_FoodHygieneRatingsTests.framework; sourceTree = BUILT_PRODUCTS_DIR; };
		4D100DC81E61B0F6005EB6E9 /* Query.swift */ = {isa = PBXFileReference; fileEncoding = 4; lastKnownFileType = sourcecode.swift; path = Query.swift; sourceTree = "<group>"; };
		4D100DCA1E644FB9005EB6E9 /* Address.swift */ = {isa = PBXFileReference; fileEncoding = 4; lastKnownFileType = sourcecode.swift; path = Address.swift; sourceTree = "<group>"; };
		4D100DCC1E645103005EB6E9 /* AddressTests.swift */ = {isa = PBXFileReference; fileEncoding = 4; lastKnownFileType = sourcecode.swift; path = AddressTests.swift; sourceTree = "<group>"; };
		4D14D3611F8B9ED500FAE135 /* StoreKit.framework */ = {isa = PBXFileReference; lastKnownFileType = wrapper.framework; name = StoreKit.framework; path = System/Library/Frameworks/StoreKit.framework; sourceTree = SDKROOT; };
		4D14D3631F8BB52200FAE135 /* Ratings.swift */ = {isa = PBXFileReference; lastKnownFileType = sourcecode.swift; path = Ratings.swift; sourceTree = "<group>"; };
		4D17D4A81F7FD79E00A0A0BE /* Formatting.swift */ = {isa = PBXFileReference; lastKnownFileType = sourcecode.swift; path = Formatting.swift; sourceTree = "<group>"; };
		4D17D4AA1F7FE2F900A0A0BE /* CoordinateTest.swift */ = {isa = PBXFileReference; lastKnownFileType = sourcecode.swift; path = CoordinateTest.swift; sourceTree = "<group>"; };
		4D17D4AC1F7FEE7400A0A0BE /* Logging.swift */ = {isa = PBXFileReference; lastKnownFileType = sourcecode.swift; path = Logging.swift; sourceTree = "<group>"; };
		4D3717AF1E4C7ED100644A0C /* Food Hygiene Ratings.app */ = {isa = PBXFileReference; explicitFileType = wrapper.application; includeInIndex = 0; path = "Food Hygiene Ratings.app"; sourceTree = BUILT_PRODUCTS_DIR; };
		4D3717B21E4C7ED100644A0C /* AppDelegate.swift */ = {isa = PBXFileReference; lastKnownFileType = sourcecode.swift; path = AppDelegate.swift; sourceTree = "<group>"; };
		4D3717B71E4C7ED100644A0C /* Base */ = {isa = PBXFileReference; lastKnownFileType = file.storyboard; name = Base; path = Base.lproj/Main.storyboard; sourceTree = "<group>"; };
		4D3717B91E4C7ED100644A0C /* Assets.xcassets */ = {isa = PBXFileReference; lastKnownFileType = folder.assetcatalog; path = Assets.xcassets; sourceTree = "<group>"; };
		4D3717BC1E4C7ED100644A0C /* Base */ = {isa = PBXFileReference; lastKnownFileType = file.storyboard; name = Base; path = Base.lproj/LaunchScreen.storyboard; sourceTree = "<group>"; };
		4D3717BE1E4C7ED100644A0C /* Info.plist */ = {isa = PBXFileReference; lastKnownFileType = text.plist.xml; path = Info.plist; sourceTree = "<group>"; };
		4D3717CC1E4CCF0400644A0C /* MapViewController.swift */ = {isa = PBXFileReference; fileEncoding = 4; lastKnownFileType = sourcecode.swift; path = MapViewController.swift; sourceTree = "<group>"; };
		4D3717CE1E4CCF4700644A0C /* SearchViewController.swift */ = {isa = PBXFileReference; fileEncoding = 4; lastKnownFileType = sourcecode.swift; path = SearchViewController.swift; sourceTree = "<group>"; };
		4D3717D11E4CD84F00644A0C /* Settings.bundle */ = {isa = PBXFileReference; lastKnownFileType = "wrapper.plug-in"; path = Settings.bundle; sourceTree = "<group>"; };
		4D3717D31E4DC1FC00644A0C /* Establishment.swift */ = {isa = PBXFileReference; fileEncoding = 4; lastKnownFileType = sourcecode.swift; path = Establishment.swift; sourceTree = "<group>"; };
		4D3717D51E4DC21100644A0C /* FoodHygieneAPI.swift */ = {isa = PBXFileReference; fileEncoding = 4; lastKnownFileType = sourcecode.swift; path = FoodHygieneAPI.swift; sourceTree = "<group>"; };
		4D3717D71E4DC22000644A0C /* WebServiceClient.swift */ = {isa = PBXFileReference; fileEncoding = 4; lastKnownFileType = sourcecode.swift; path = WebServiceClient.swift; sourceTree = "<group>"; };
		4D3717D91E4DC23B00644A0C /* MapMarker.swift */ = {isa = PBXFileReference; fileEncoding = 4; lastKnownFileType = sourcecode.swift; path = MapMarker.swift; sourceTree = "<group>"; };
		4D3717DF1E4DC33000644A0C /* FoodHygieneRatingsTests.xctest */ = {isa = PBXFileReference; explicitFileType = wrapper.cfbundle; includeInIndex = 0; path = FoodHygieneRatingsTests.xctest; sourceTree = BUILT_PRODUCTS_DIR; };
		4D3717E31E4DC33000644A0C /* Info.plist */ = {isa = PBXFileReference; lastKnownFileType = text.plist.xml; path = Info.plist; sourceTree = "<group>"; };
		4D3717E91E4DC41300644A0C /* FoodHygieneAPITest.swift */ = {isa = PBXFileReference; fileEncoding = 4; lastKnownFileType = sourcecode.swift; path = FoodHygieneAPITest.swift; sourceTree = "<group>"; };
		4D3717EB1E4DC6D000644A0C /* establishments.json */ = {isa = PBXFileReference; fileEncoding = 4; lastKnownFileType = text.json; path = establishments.json; sourceTree = "<group>"; };
		4D3717F21E4DF0BB00644A0C /* MainModel.swift */ = {isa = PBXFileReference; fileEncoding = 4; lastKnownFileType = sourcecode.swift; path = MainModel.swift; sourceTree = "<group>"; };
		4D5C39041E4E1D0A00707D14 /* IDataProvider.swift */ = {isa = PBXFileReference; fileEncoding = 4; lastKnownFileType = sourcecode.swift; path = IDataProvider.swift; sourceTree = "<group>"; };
		4D5C39061E4E1D5500707D14 /* DataProvider.swift */ = {isa = PBXFileReference; fileEncoding = 4; lastKnownFileType = sourcecode.swift; path = DataProvider.swift; sourceTree = "<group>"; };
		4D5C39081E50605600707D14 /* RootViewController.swift */ = {isa = PBXFileReference; fileEncoding = 4; lastKnownFileType = sourcecode.swift; path = RootViewController.swift; sourceTree = "<group>"; };
		4D5C390B1E507E6200707D14 /* WebViewController.swift */ = {isa = PBXFileReference; fileEncoding = 4; lastKnownFileType = sourcecode.swift; path = WebViewController.swift; sourceTree = "<group>"; };
		4D5C390D1E51DBBD00707D14 /* DetailsViewController.swift */ = {isa = PBXFileReference; fileEncoding = 4; lastKnownFileType = sourcecode.swift; path = DetailsViewController.swift; sourceTree = "<group>"; };
		4D5C39121E521C5A00707D14 /* GoogleService-Info.plist */ = {isa = PBXFileReference; fileEncoding = 4; lastKnownFileType = text.plist.xml; path = "GoogleService-Info.plist"; sourceTree = "<group>"; };
		4D5C39141E521D9300707D14 /* Ads.swift */ = {isa = PBXFileReference; fileEncoding = 4; lastKnownFileType = sourcecode.swift; path = Ads.swift; sourceTree = "<group>"; };
		4D5C39161E53B20100707D14 /* RatingsLogos.xcassets */ = {isa = PBXFileReference; lastKnownFileType = folder.assetcatalog; path = RatingsLogos.xcassets; sourceTree = "<group>"; };
		4D5C39181E5462BE00707D14 /* RatingsLogoCell.swift */ = {isa = PBXFileReference; fileEncoding = 4; lastKnownFileType = sourcecode.swift; path = RatingsLogoCell.swift; sourceTree = "<group>"; };
		4D5C391A1E55CB9E00707D14 /* DataProcessing.swift */ = {isa = PBXFileReference; fileEncoding = 4; lastKnownFileType = sourcecode.swift; path = DataProcessing.swift; sourceTree = "<group>"; };
		4D5C391E1E55D42400707D14 /* DataProcessingTest.swift */ = {isa = PBXFileReference; fileEncoding = 4; lastKnownFileType = sourcecode.swift; path = DataProcessingTest.swift; sourceTree = "<group>"; };
		4D5C39201E55D85B00707D14 /* Business.swift */ = {isa = PBXFileReference; fileEncoding = 4; lastKnownFileType = sourcecode.swift; path = Business.swift; sourceTree = "<group>"; };
		4D5C39221E5AFD5600707D14 /* LocalViewController.swift */ = {isa = PBXFileReference; fileEncoding = 4; lastKnownFileType = sourcecode.swift; path = LocalViewController.swift; sourceTree = "<group>"; };
		4D5C39261E5C49A800707D14 /* stoke.json */ = {isa = PBXFileReference; fileEncoding = 4; lastKnownFileType = text.json; path = stoke.json; sourceTree = "<group>"; };
		4D5C39281E5C4A1A00707D14 /* DummyDataProvider.swift */ = {isa = PBXFileReference; fileEncoding = 4; lastKnownFileType = sourcecode.swift; path = DummyDataProvider.swift; sourceTree = "<group>"; };
		4D5C392C1E5C92E100707D14 /* Scores.swift */ = {isa = PBXFileReference; fileEncoding = 4; lastKnownFileType = sourcecode.swift; path = Scores.swift; sourceTree = "<group>"; };
		4D66191F1E66DB0800724276 /* authorities.json */ = {isa = PBXFileReference; fileEncoding = 4; lastKnownFileType = text.json; path = authorities.json; sourceTree = "<group>"; };
		4D6619211E66DB7E00724276 /* businessTypes.json */ = {isa = PBXFileReference; fileEncoding = 4; lastKnownFileType = text.json; path = businessTypes.json; sourceTree = "<group>"; };
		4D6619251E66F6A600724276 /* ListViewController.swift */ = {isa = PBXFileReference; fileEncoding = 4; lastKnownFileType = sourcecode.swift; path = ListViewController.swift; sourceTree = "<group>"; };
		4D6619271E67526D00724276 /* LocalAuthority.swift */ = {isa = PBXFileReference; fileEncoding = 4; lastKnownFileType = sourcecode.swift; path = LocalAuthority.swift; sourceTree = "<group>"; };
		4DB011491E65929000B4F04B /* glasgow.json */ = {isa = PBXFileReference; fileEncoding = 4; lastKnownFileType = text.json; path = glasgow.json; sourceTree = "<group>"; };
		4DB0114B1E65A24300B4F04B /* Rating.swift */ = {isa = PBXFileReference; fileEncoding = 4; lastKnownFileType = sourcecode.swift; path = Rating.swift; sourceTree = "<group>"; };
		4DB64E2A1E5D997D00D1321B /* DetailsTableDelegate.swift */ = {isa = PBXFileReference; fileEncoding = 4; lastKnownFileType = sourcecode.swift; path = DetailsTableDelegate.swift; sourceTree = "<group>"; };
		4DB64E2C1E5DA34E00D1321B /* NoScoresTableDelegate.swift */ = {isa = PBXFileReference; fileEncoding = 4; lastKnownFileType = sourcecode.swift; path = NoScoresTableDelegate.swift; sourceTree = "<group>"; };
		4DB64E321E5DB24E00D1321B /* UIViewControllerExtensions.swift */ = {isa = PBXFileReference; fileEncoding = 4; lastKnownFileType = sourcecode.swift; path = UIViewControllerExtensions.swift; sourceTree = "<group>"; };
		4DB64E391E5F1FB900D1321B /* AdvancedSearchViewController.swift */ = {isa = PBXFileReference; fileEncoding = 4; lastKnownFileType = sourcecode.swift; path = AdvancedSearchViewController.swift; sourceTree = "<group>"; };
		7FBD16ED9140BB09C083E32D /* Pods-Food Hygiene Ratings-FoodHygieneRatingsTests.release.xcconfig */ = {isa = PBXFileReference; includeInIndex = 1; lastKnownFileType = text.xcconfig; name = "Pods-Food Hygiene Ratings-FoodHygieneRatingsTests.release.xcconfig"; path = "Pods/Target Support Files/Pods-Food Hygiene Ratings-FoodHygieneRatingsTests/Pods-Food Hygiene Ratings-FoodHygieneRatingsTests.release.xcconfig"; sourceTree = "<group>"; };
		9512809EDBCF19C0578F7934 /* Pods_Food_Hygiene_Ratings.framework */ = {isa = PBXFileReference; explicitFileType = wrapper.framework; includeInIndex = 0; path = Pods_Food_Hygiene_Ratings.framework; sourceTree = BUILT_PRODUCTS_DIR; };
		CC5B583BA5627A3C28384D29 /* Pods-Food Hygiene Ratings.release.xcconfig */ = {isa = PBXFileReference; includeInIndex = 1; lastKnownFileType = text.xcconfig; name = "Pods-Food Hygiene Ratings.release.xcconfig"; path = "Pods/Target Support Files/Pods-Food Hygiene Ratings/Pods-Food Hygiene Ratings.release.xcconfig"; sourceTree = "<group>"; };
		CF1B74EDF2A19DE8CCEF55EA /* Pods-Food Hygiene Ratings.debug.xcconfig */ = {isa = PBXFileReference; includeInIndex = 1; lastKnownFileType = text.xcconfig; name = "Pods-Food Hygiene Ratings.debug.xcconfig"; path = "Pods/Target Support Files/Pods-Food Hygiene Ratings/Pods-Food Hygiene Ratings.debug.xcconfig"; sourceTree = "<group>"; };
/* End PBXFileReference section */

/* Begin PBXFrameworksBuildPhase section */
		4D3717AC1E4C7ED100644A0C /* Frameworks */ = {
			isa = PBXFrameworksBuildPhase;
			buildActionMask = 2147483647;
			files = (
				4D14D3621F8B9ED500FAE135 /* StoreKit.framework in Frameworks */,
				3F3171D5D771CCA9D9065A64 /* Pods_Food_Hygiene_Ratings.framework in Frameworks */,
			);
			runOnlyForDeploymentPostprocessing = 0;
		};
		4D3717DC1E4DC33000644A0C /* Frameworks */ = {
			isa = PBXFrameworksBuildPhase;
			buildActionMask = 2147483647;
			files = (
				35EE917FBCAD1C93854FF09B /* Pods_Food_Hygiene_Ratings_FoodHygieneRatingsTests.framework in Frameworks */,
			);
			runOnlyForDeploymentPostprocessing = 0;
		};
/* End PBXFrameworksBuildPhase section */

/* Begin PBXGroup section */
		4D3717A61E4C7ED100644A0C = {
			isa = PBXGroup;
			children = (
				4D3717D11E4CD84F00644A0C /* Settings.bundle */,
				4D3717B11E4C7ED100644A0C /* Food Hygiene Ratings */,
				4D3717E01E4DC33000644A0C /* FoodHygieneRatingsTests */,
				4D3717B01E4C7ED100644A0C /* Products */,
				DC75DA60E7AF8005AE9A1F01 /* Pods */,
				C0CEA94B6465DDD598BAD4D6 /* Frameworks */,
			);
			sourceTree = "<group>";
		};
		4D3717B01E4C7ED100644A0C /* Products */ = {
			isa = PBXGroup;
			children = (
				4D3717AF1E4C7ED100644A0C /* Food Hygiene Ratings.app */,
				4D3717DF1E4DC33000644A0C /* FoodHygieneRatingsTests.xctest */,
			);
			name = Products;
			sourceTree = "<group>";
		};
		4D3717B11E4C7ED100644A0C /* Food Hygiene Ratings */ = {
			isa = PBXGroup;
			children = (
				4DB64E2F1E5DB18D00D1321B /* Utils */,
				4D3717D01E4CD43300644A0C /* Model */,
				4D3717C81E4CCCF200644A0C /* Controllers */,
				4D5C39251E5C490600707D14 /* Supporting */,
				4D3717B61E4C7ED100644A0C /* Main.storyboard */,
				4D3717B21E4C7ED100644A0C /* AppDelegate.swift */,
			);
			path = "Food Hygiene Ratings";
			sourceTree = "<group>";
		};
		4D3717C81E4CCCF200644A0C /* Controllers */ = {
			isa = PBXGroup;
			children = (
				4DB64E391E5F1FB900D1321B /* AdvancedSearchViewController.swift */,
				4DB64E2A1E5D997D00D1321B /* DetailsTableDelegate.swift */,
				4D5C390D1E51DBBD00707D14 /* DetailsViewController.swift */,
				4D6619251E66F6A600724276 /* ListViewController.swift */,
				4D5C39221E5AFD5600707D14 /* LocalViewController.swift */,
				4D3717D91E4DC23B00644A0C /* MapMarker.swift */,
				4D3717CC1E4CCF0400644A0C /* MapViewController.swift */,
				4DB64E2C1E5DA34E00D1321B /* NoScoresTableDelegate.swift */,
				4D5C39181E5462BE00707D14 /* RatingsLogoCell.swift */,
				4D5C39081E50605600707D14 /* RootViewController.swift */,
				4D3717CE1E4CCF4700644A0C /* SearchViewController.swift */,
				4D5C390B1E507E6200707D14 /* WebViewController.swift */,
			);
			name = Controllers;
			sourceTree = "<group>";
		};
		4D3717D01E4CD43300644A0C /* Model */ = {
			isa = PBXGroup;
			children = (
				4D100DCA1E644FB9005EB6E9 /* Address.swift */,
				4D5C39201E55D85B00707D14 /* Business.swift */,
				4D5C391A1E55CB9E00707D14 /* DataProcessing.swift */,
				4D5C39061E4E1D5500707D14 /* DataProvider.swift */,
				4D5C39281E5C4A1A00707D14 /* DummyDataProvider.swift */,
				4D3717D31E4DC1FC00644A0C /* Establishment.swift */,
				4D3717D51E4DC21100644A0C /* FoodHygieneAPI.swift */,
				4D17D4A81F7FD79E00A0A0BE /* Formatting.swift */,
				4D5C39041E4E1D0A00707D14 /* IDataProvider.swift */,
				4D6619271E67526D00724276 /* LocalAuthority.swift */,
				4D3717F21E4DF0BB00644A0C /* MainModel.swift */,
				4D100DC81E61B0F6005EB6E9 /* Query.swift */,
				4DB0114B1E65A24300B4F04B /* Rating.swift */,
				4D5C392C1E5C92E100707D14 /* Scores.swift */,
				4D3717D71E4DC22000644A0C /* WebServiceClient.swift */,
			);
			name = Model;
			sourceTree = "<group>";
		};
		4D3717E01E4DC33000644A0C /* FoodHygieneRatingsTests */ = {
			isa = PBXGroup;
			children = (
				4D3717EB1E4DC6D000644A0C /* establishments.json */,
				4D3717E31E4DC33000644A0C /* Info.plist */,
				4D3717E91E4DC41300644A0C /* FoodHygieneAPITest.swift */,
				4D5C391E1E55D42400707D14 /* DataProcessingTest.swift */,
				4D100DCC1E645103005EB6E9 /* AddressTests.swift */,
				4D17D4AA1F7FE2F900A0A0BE /* CoordinateTest.swift */,
			);
			path = FoodHygieneRatingsTests;
			sourceTree = "<group>";
		};
		4D5C39251E5C490600707D14 /* Supporting */ = {
			isa = PBXGroup;
			children = (
				4D3717B91E4C7ED100644A0C /* Assets.xcassets */,
				4D5C39161E53B20100707D14 /* RatingsLogos.xcassets */,
				4D3717BB1E4C7ED100644A0C /* LaunchScreen.storyboard */,
				4D5C39121E521C5A00707D14 /* GoogleService-Info.plist */,
				4D3717BE1E4C7ED100644A0C /* Info.plist */,
				4D5C39261E5C49A800707D14 /* stoke.json */,
				4DB011491E65929000B4F04B /* glasgow.json */,
				4D66191F1E66DB0800724276 /* authorities.json */,
				4D6619211E66DB7E00724276 /* businessTypes.json */,
			);
			name = Supporting;
			sourceTree = "<group>";
		};
		4DB64E2F1E5DB18D00D1321B /* Utils */ = {
			isa = PBXGroup;
			children = (
				4D5C39141E521D9300707D14 /* Ads.swift */,
				4DB64E321E5DB24E00D1321B /* UIViewControllerExtensions.swift */,
				4D17D4AC1F7FEE7400A0A0BE /* Logging.swift */,
				4D14D3631F8BB52200FAE135 /* Ratings.swift */,
			);
			name = Utils;
			sourceTree = "<group>";
		};
		C0CEA94B6465DDD598BAD4D6 /* Frameworks */ = {
			isa = PBXGroup;
			children = (
				4D14D3611F8B9ED500FAE135 /* StoreKit.framework */,
				9512809EDBCF19C0578F7934 /* Pods_Food_Hygiene_Ratings.framework */,
				381B887A673C3D136AA2C6D1 /* Pods_Food_Hygiene_Ratings_FoodHygieneRatingsTests.framework */,
			);
			name = Frameworks;
			sourceTree = "<group>";
		};
		DC75DA60E7AF8005AE9A1F01 /* Pods */ = {
			isa = PBXGroup;
			children = (
				CF1B74EDF2A19DE8CCEF55EA /* Pods-Food Hygiene Ratings.debug.xcconfig */,
				CC5B583BA5627A3C28384D29 /* Pods-Food Hygiene Ratings.release.xcconfig */,
				33986B8773B33D48AF71E46E /* Pods-Food Hygiene Ratings-FoodHygieneRatingsTests.debug.xcconfig */,
				7FBD16ED9140BB09C083E32D /* Pods-Food Hygiene Ratings-FoodHygieneRatingsTests.release.xcconfig */,
			);
			name = Pods;
			sourceTree = "<group>";
		};
/* End PBXGroup section */

/* Begin PBXNativeTarget section */
		4D3717AE1E4C7ED100644A0C /* Food Hygiene Ratings */ = {
			isa = PBXNativeTarget;
			buildConfigurationList = 4D3717C11E4C7ED100644A0C /* Build configuration list for PBXNativeTarget "Food Hygiene Ratings" */;
			buildPhases = (
				93E0C4B45EC45FF4F14373BC /* [CP] Check Pods Manifest.lock */,
				4D3717AB1E4C7ED100644A0C /* Sources */,
				4D3717AC1E4C7ED100644A0C /* Frameworks */,
				4D3717AD1E4C7ED100644A0C /* Resources */,
				09173EE39657E554B4A0D849 /* [CP] Embed Pods Frameworks */,
				76F5EF16CAA0F4172BDFAD5F /* [CP] Copy Pods Resources */,
			);
			buildRules = (
			);
			dependencies = (
			);
			name = "Food Hygiene Ratings";
			productName = "Food Hygiene Ratings";
			productReference = 4D3717AF1E4C7ED100644A0C /* Food Hygiene Ratings.app */;
			productType = "com.apple.product-type.application";
		};
		4D3717DE1E4DC33000644A0C /* FoodHygieneRatingsTests */ = {
			isa = PBXNativeTarget;
			buildConfigurationList = 4D3717E61E4DC33000644A0C /* Build configuration list for PBXNativeTarget "FoodHygieneRatingsTests" */;
			buildPhases = (
				1D9A11FC262CC9F9ABFD3830 /* [CP] Check Pods Manifest.lock */,
				4D3717DB1E4DC33000644A0C /* Sources */,
				4D3717DC1E4DC33000644A0C /* Frameworks */,
				4D3717DD1E4DC33000644A0C /* Resources */,
				4B7AFA952AF371464203C027 /* [CP] Embed Pods Frameworks */,
				2317DA06E585A7FF7D57B407 /* [CP] Copy Pods Resources */,
			);
			buildRules = (
			);
			dependencies = (
				4D3717E51E4DC33000644A0C /* PBXTargetDependency */,
			);
			name = FoodHygieneRatingsTests;
			productName = FoodHygieneRatingsTests;
			productReference = 4D3717DF1E4DC33000644A0C /* FoodHygieneRatingsTests.xctest */;
			productType = "com.apple.product-type.bundle.unit-test";
		};
/* End PBXNativeTarget section */

/* Begin PBXProject section */
		4D3717A71E4C7ED100644A0C /* Project object */ = {
			isa = PBXProject;
			attributes = {
				LastSwiftUpdateCheck = 0820;
				LastUpgradeCheck = 0900;
				ORGANIZATIONNAME = "MPD Bailey Technology";
				TargetAttributes = {
					4D3717AE1E4C7ED100644A0C = {
						CreatedOnToolsVersion = 8.2.1;
						DevelopmentTeam = ZYM8DA54T6;
						LastSwiftMigration = 0900;
						ProvisioningStyle = Automatic;
					};
					4D3717DE1E4DC33000644A0C = {
						CreatedOnToolsVersion = 8.2.1;
						DevelopmentTeam = ZYM8DA54T6;
						LastSwiftMigration = 0900;
						ProvisioningStyle = Automatic;
						TestTargetID = 4D3717AE1E4C7ED100644A0C;
					};
				};
			};
			buildConfigurationList = 4D3717AA1E4C7ED100644A0C /* Build configuration list for PBXProject "Food Hygiene Ratings" */;
			compatibilityVersion = "Xcode 3.2";
			developmentRegion = English;
			hasScannedForEncodings = 0;
			knownRegions = (
				en,
				Base,
			);
			mainGroup = 4D3717A61E4C7ED100644A0C;
			productRefGroup = 4D3717B01E4C7ED100644A0C /* Products */;
			projectDirPath = "";
			projectRoot = "";
			targets = (
				4D3717AE1E4C7ED100644A0C /* Food Hygiene Ratings */,
				4D3717DE1E4DC33000644A0C /* FoodHygieneRatingsTests */,
			);
		};
/* End PBXProject section */

/* Begin PBXResourcesBuildPhase section */
		4D3717AD1E4C7ED100644A0C /* Resources */ = {
			isa = PBXResourcesBuildPhase;
			buildActionMask = 2147483647;
			files = (
				4DB0114A1E65929000B4F04B /* glasgow.json in Resources */,
				4D3717D21E4CD84F00644A0C /* Settings.bundle in Resources */,
				4D3717BD1E4C7ED100644A0C /* LaunchScreen.storyboard in Resources */,
				4D5C39131E521C5A00707D14 /* GoogleService-Info.plist in Resources */,
				4D3717BA1E4C7ED100644A0C /* Assets.xcassets in Resources */,
				4D5C39271E5C49A800707D14 /* stoke.json in Resources */,
				4D6619201E66DB0800724276 /* authorities.json in Resources */,
				4D3717B81E4C7ED100644A0C /* Main.storyboard in Resources */,
				4D5C39171E53B20100707D14 /* RatingsLogos.xcassets in Resources */,
				4D6619221E66DB7E00724276 /* businessTypes.json in Resources */,
			);
			runOnlyForDeploymentPostprocessing = 0;
		};
		4D3717DD1E4DC33000644A0C /* Resources */ = {
			isa = PBXResourcesBuildPhase;
			buildActionMask = 2147483647;
			files = (
				4D3717EC1E4DC6D000644A0C /* establishments.json in Resources */,
			);
			runOnlyForDeploymentPostprocessing = 0;
		};
/* End PBXResourcesBuildPhase section */

/* Begin PBXShellScriptBuildPhase section */
		09173EE39657E554B4A0D849 /* [CP] Embed Pods Frameworks */ = {
			isa = PBXShellScriptBuildPhase;
			buildActionMask = 2147483647;
			files = (
			);
			inputPaths = (
				"${SRCROOT}/Pods/Target Support Files/Pods-Food Hygiene Ratings/Pods-Food Hygiene Ratings-frameworks.sh",
				"${BUILT_PRODUCTS_DIR}/GoogleToolboxForMac/GoogleToolboxForMac.framework",
				"${BUILT_PRODUCTS_DIR}/nanopb/nanopb.framework",
			);
			name = "[CP] Embed Pods Frameworks";
			outputPaths = (
				"${TARGET_BUILD_DIR}/${FRAMEWORKS_FOLDER_PATH}/GoogleToolboxForMac.framework",
				"${TARGET_BUILD_DIR}/${FRAMEWORKS_FOLDER_PATH}/nanopb.framework",
			);
			runOnlyForDeploymentPostprocessing = 0;
			shellPath = /bin/sh;
			shellScript = "\"${SRCROOT}/Pods/Target Support Files/Pods-Food Hygiene Ratings/Pods-Food Hygiene Ratings-frameworks.sh\"\n";
			showEnvVarsInLog = 0;
		};
		1D9A11FC262CC9F9ABFD3830 /* [CP] Check Pods Manifest.lock */ = {
			isa = PBXShellScriptBuildPhase;
			buildActionMask = 2147483647;
			files = (
			);
			inputPaths = (
				"${PODS_PODFILE_DIR_PATH}/Podfile.lock",
				"${PODS_ROOT}/Manifest.lock",
			);
			name = "[CP] Check Pods Manifest.lock";
			outputPaths = (
				"$(DERIVED_FILE_DIR)/Pods-Food Hygiene Ratings-FoodHygieneRatingsTests-checkManifestLockResult.txt",
			);
			runOnlyForDeploymentPostprocessing = 0;
			shellPath = /bin/sh;
			shellScript = "diff \"${PODS_PODFILE_DIR_PATH}/Podfile.lock\" \"${PODS_ROOT}/Manifest.lock\" > /dev/null\nif [ $? != 0 ] ; then\n    # print error to STDERR\n    echo \"error: The sandbox is not in sync with the Podfile.lock. Run 'pod install' or update your CocoaPods installation.\" >&2\n    exit 1\nfi\n# This output is used by Xcode 'outputs' to avoid re-running this script phase.\necho \"SUCCESS\" > \"${SCRIPT_OUTPUT_FILE_0}\"\n";
			showEnvVarsInLog = 0;
		};
		2317DA06E585A7FF7D57B407 /* [CP] Copy Pods Resources */ = {
			isa = PBXShellScriptBuildPhase;
			buildActionMask = 2147483647;
			files = (
			);
			inputPaths = (
			);
			name = "[CP] Copy Pods Resources";
			outputPaths = (
			);
			runOnlyForDeploymentPostprocessing = 0;
			shellPath = /bin/sh;
			shellScript = "\"${SRCROOT}/Pods/Target Support Files/Pods-Food Hygiene Ratings-FoodHygieneRatingsTests/Pods-Food Hygiene Ratings-FoodHygieneRatingsTests-resources.sh\"\n";
			showEnvVarsInLog = 0;
		};
		4B7AFA952AF371464203C027 /* [CP] Embed Pods Frameworks */ = {
			isa = PBXShellScriptBuildPhase;
			buildActionMask = 2147483647;
			files = (
			);
			inputPaths = (
				"${SRCROOT}/Pods/Target Support Files/Pods-Food Hygiene Ratings-FoodHygieneRatingsTests/Pods-Food Hygiene Ratings-FoodHygieneRatingsTests-frameworks.sh",
				"${BUILT_PRODUCTS_DIR}/GoogleToolboxForMac/GoogleToolboxForMac.framework",
				"${BUILT_PRODUCTS_DIR}/nanopb/nanopb.framework",
			);
			name = "[CP] Embed Pods Frameworks";
			outputPaths = (
				"${TARGET_BUILD_DIR}/${FRAMEWORKS_FOLDER_PATH}/GoogleToolboxForMac.framework",
				"${TARGET_BUILD_DIR}/${FRAMEWORKS_FOLDER_PATH}/nanopb.framework",
			);
			runOnlyForDeploymentPostprocessing = 0;
			shellPath = /bin/sh;
			shellScript = "\"${SRCROOT}/Pods/Target Support Files/Pods-Food Hygiene Ratings-FoodHygieneRatingsTests/Pods-Food Hygiene Ratings-FoodHygieneRatingsTests-frameworks.sh\"\n";
			showEnvVarsInLog = 0;
		};
		76F5EF16CAA0F4172BDFAD5F /* [CP] Copy Pods Resources */ = {
			isa = PBXShellScriptBuildPhase;
			buildActionMask = 2147483647;
			files = (
			);
			inputPaths = (
			);
			name = "[CP] Copy Pods Resources";
			outputPaths = (
			);
			runOnlyForDeploymentPostprocessing = 0;
			shellPath = /bin/sh;
			shellScript = "\"${SRCROOT}/Pods/Target Support Files/Pods-Food Hygiene Ratings/Pods-Food Hygiene Ratings-resources.sh\"\n";
			showEnvVarsInLog = 0;
		};
		93E0C4B45EC45FF4F14373BC /* [CP] Check Pods Manifest.lock */ = {
			isa = PBXShellScriptBuildPhase;
			buildActionMask = 2147483647;
			files = (
			);
			inputPaths = (
				"${PODS_PODFILE_DIR_PATH}/Podfile.lock",
				"${PODS_ROOT}/Manifest.lock",
			);
			name = "[CP] Check Pods Manifest.lock";
			outputPaths = (
				"$(DERIVED_FILE_DIR)/Pods-Food Hygiene Ratings-checkManifestLockResult.txt",
			);
			runOnlyForDeploymentPostprocessing = 0;
			shellPath = /bin/sh;
			shellScript = "diff \"${PODS_PODFILE_DIR_PATH}/Podfile.lock\" \"${PODS_ROOT}/Manifest.lock\" > /dev/null\nif [ $? != 0 ] ; then\n    # print error to STDERR\n    echo \"error: The sandbox is not in sync with the Podfile.lock. Run 'pod install' or update your CocoaPods installation.\" >&2\n    exit 1\nfi\n# This output is used by Xcode 'outputs' to avoid re-running this script phase.\necho \"SUCCESS\" > \"${SCRIPT_OUTPUT_FILE_0}\"\n";
			showEnvVarsInLog = 0;
		};
/* End PBXShellScriptBuildPhase section */

/* Begin PBXSourcesBuildPhase section */
		4D3717AB1E4C7ED100644A0C /* Sources */ = {
			isa = PBXSourcesBuildPhase;
			buildActionMask = 2147483647;
			files = (
				4D14D3641F8BB52200FAE135 /* Ratings.swift in Sources */,
				4D17D4A91F7FD79E00A0A0BE /* Formatting.swift in Sources */,
				4D3717DA1E4DC23B00644A0C /* MapMarker.swift in Sources */,
				4D6619281E67526D00724276 /* LocalAuthority.swift in Sources */,
				4D3717D81E4DC22000644A0C /* WebServiceClient.swift in Sources */,
				4D3717CF1E4CCF4700644A0C /* SearchViewController.swift in Sources */,
				4D5C39051E4E1D0A00707D14 /* IDataProvider.swift in Sources */,
				4D5C391B1E55CB9E00707D14 /* DataProcessing.swift in Sources */,
				4D5C39211E55D85B00707D14 /* Business.swift in Sources */,
				4D3717D61E4DC21100644A0C /* FoodHygieneAPI.swift in Sources */,
				4D5C39291E5C4A1A00707D14 /* DummyDataProvider.swift in Sources */,
				4D6619261E66F6A600724276 /* ListViewController.swift in Sources */,
				4D5C39091E50605600707D14 /* RootViewController.swift in Sources */,
				4DB64E2B1E5D997D00D1321B /* DetailsTableDelegate.swift in Sources */,
				4DB64E331E5DB24E00D1321B /* UIViewControllerExtensions.swift in Sources */,
				4D5C392D1E5C92E100707D14 /* Scores.swift in Sources */,
				4D5C39231E5AFD5600707D14 /* LocalViewController.swift in Sources */,
				4D3717CD1E4CCF0400644A0C /* MapViewController.swift in Sources */,
				4DB64E2D1E5DA34E00D1321B /* NoScoresTableDelegate.swift in Sources */,
				4D3717F31E4DF0BB00644A0C /* MainModel.swift in Sources */,
				4D5C39071E4E1D5500707D14 /* DataProvider.swift in Sources */,
				4D100DCB1E644FB9005EB6E9 /* Address.swift in Sources */,
				4D5C390C1E507E6200707D14 /* WebViewController.swift in Sources */,
				4DB0114C1E65A24300B4F04B /* Rating.swift in Sources */,
				4DB64E3A1E5F1FB900D1321B /* AdvancedSearchViewController.swift in Sources */,
				4D100DC91E61B0F6005EB6E9 /* Query.swift in Sources */,
				4D5C39151E521D9300707D14 /* Ads.swift in Sources */,
				4D17D4AD1F7FEE7400A0A0BE /* Logging.swift in Sources */,
				4D3717B31E4C7ED100644A0C /* AppDelegate.swift in Sources */,
				4D3717D41E4DC1FC00644A0C /* Establishment.swift in Sources */,
				4D5C390E1E51DBBD00707D14 /* DetailsViewController.swift in Sources */,
				4D5C39191E5462BE00707D14 /* RatingsLogoCell.swift in Sources */,
			);
			runOnlyForDeploymentPostprocessing = 0;
		};
		4D3717DB1E4DC33000644A0C /* Sources */ = {
			isa = PBXSourcesBuildPhase;
			buildActionMask = 2147483647;
			files = (
				4D5C391F1E55D42400707D14 /* DataProcessingTest.swift in Sources */,
				4D3717EA1E4DC41300644A0C /* FoodHygieneAPITest.swift in Sources */,
				4D100DCD1E645103005EB6E9 /* AddressTests.swift in Sources */,
				4D17D4AB1F7FE2F900A0A0BE /* CoordinateTest.swift in Sources */,
			);
			runOnlyForDeploymentPostprocessing = 0;
		};
/* End PBXSourcesBuildPhase section */

/* Begin PBXTargetDependency section */
		4D3717E51E4DC33000644A0C /* PBXTargetDependency */ = {
			isa = PBXTargetDependency;
			target = 4D3717AE1E4C7ED100644A0C /* Food Hygiene Ratings */;
			targetProxy = 4D3717E41E4DC33000644A0C /* PBXContainerItemProxy */;
		};
/* End PBXTargetDependency section */

/* Begin PBXVariantGroup section */
		4D3717B61E4C7ED100644A0C /* Main.storyboard */ = {
			isa = PBXVariantGroup;
			children = (
				4D3717B71E4C7ED100644A0C /* Base */,
			);
			name = Main.storyboard;
			sourceTree = "<group>";
		};
		4D3717BB1E4C7ED100644A0C /* LaunchScreen.storyboard */ = {
			isa = PBXVariantGroup;
			children = (
				4D3717BC1E4C7ED100644A0C /* Base */,
			);
			name = LaunchScreen.storyboard;
			sourceTree = "<group>";
		};
/* End PBXVariantGroup section */

/* Begin XCBuildConfiguration section */
		4D3717BF1E4C7ED100644A0C /* Debug */ = {
			isa = XCBuildConfiguration;
			buildSettings = {
				ALWAYS_SEARCH_USER_PATHS = NO;
				CLANG_ANALYZER_NONNULL = YES;
				CLANG_CXX_LANGUAGE_STANDARD = "gnu++0x";
				CLANG_CXX_LIBRARY = "libc++";
				CLANG_ENABLE_MODULES = YES;
				CLANG_ENABLE_OBJC_ARC = YES;
				CLANG_WARN_BLOCK_CAPTURE_AUTORELEASING = YES;
				CLANG_WARN_BOOL_CONVERSION = YES;
				CLANG_WARN_COMMA = YES;
				CLANG_WARN_CONSTANT_CONVERSION = YES;
				CLANG_WARN_DIRECT_OBJC_ISA_USAGE = YES_ERROR;
				CLANG_WARN_DOCUMENTATION_COMMENTS = YES;
				CLANG_WARN_EMPTY_BODY = YES;
				CLANG_WARN_ENUM_CONVERSION = YES;
				CLANG_WARN_INFINITE_RECURSION = YES;
				CLANG_WARN_INT_CONVERSION = YES;
				CLANG_WARN_NON_LITERAL_NULL_CONVERSION = YES;
				CLANG_WARN_OBJC_LITERAL_CONVERSION = YES;
				CLANG_WARN_OBJC_ROOT_CLASS = YES_ERROR;
				CLANG_WARN_RANGE_LOOP_ANALYSIS = YES;
				CLANG_WARN_STRICT_PROTOTYPES = YES;
				CLANG_WARN_SUSPICIOUS_MOVE = YES;
				CLANG_WARN_UNREACHABLE_CODE = YES;
				CLANG_WARN__DUPLICATE_METHOD_MATCH = YES;
				"CODE_SIGN_IDENTITY[sdk=iphoneos*]" = "iPhone Developer";
				COPY_PHASE_STRIP = NO;
				DEBUG_INFORMATION_FORMAT = dwarf;
				ENABLE_STRICT_OBJC_MSGSEND = YES;
				ENABLE_TESTABILITY = YES;
				GCC_C_LANGUAGE_STANDARD = gnu99;
				GCC_DYNAMIC_NO_PIC = NO;
				GCC_NO_COMMON_BLOCKS = YES;
				GCC_OPTIMIZATION_LEVEL = 0;
				GCC_PREPROCESSOR_DEFINITIONS = (
					"DEBUG=1",
					"$(inherited)",
				);
				GCC_WARN_64_TO_32_BIT_CONVERSION = YES;
				GCC_WARN_ABOUT_RETURN_TYPE = YES_ERROR;
				GCC_WARN_UNDECLARED_SELECTOR = YES;
				GCC_WARN_UNINITIALIZED_AUTOS = YES_AGGRESSIVE;
				GCC_WARN_UNUSED_FUNCTION = YES;
				GCC_WARN_UNUSED_VARIABLE = YES;
				IPHONEOS_DEPLOYMENT_TARGET = 10.2;
				MTL_ENABLE_DEBUG_INFO = YES;
				ONLY_ACTIVE_ARCH = YES;
				SDKROOT = iphoneos;
				SWIFT_ACTIVE_COMPILATION_CONDITIONS = DEBUG;
				SWIFT_OPTIMIZATION_LEVEL = "-Onone";
				SWIFT_VERSION = 4.0;
				TARGETED_DEVICE_FAMILY = "1,2";
			};
			name = Debug;
		};
		4D3717C01E4C7ED100644A0C /* Release */ = {
			isa = XCBuildConfiguration;
			buildSettings = {
				ALWAYS_SEARCH_USER_PATHS = NO;
				CLANG_ANALYZER_NONNULL = YES;
				CLANG_CXX_LANGUAGE_STANDARD = "gnu++0x";
				CLANG_CXX_LIBRARY = "libc++";
				CLANG_ENABLE_MODULES = YES;
				CLANG_ENABLE_OBJC_ARC = YES;
				CLANG_WARN_BLOCK_CAPTURE_AUTORELEASING = YES;
				CLANG_WARN_BOOL_CONVERSION = YES;
				CLANG_WARN_COMMA = YES;
				CLANG_WARN_CONSTANT_CONVERSION = YES;
				CLANG_WARN_DIRECT_OBJC_ISA_USAGE = YES_ERROR;
				CLANG_WARN_DOCUMENTATION_COMMENTS = YES;
				CLANG_WARN_EMPTY_BODY = YES;
				CLANG_WARN_ENUM_CONVERSION = YES;
				CLANG_WARN_INFINITE_RECURSION = YES;
				CLANG_WARN_INT_CONVERSION = YES;
				CLANG_WARN_NON_LITERAL_NULL_CONVERSION = YES;
				CLANG_WARN_OBJC_LITERAL_CONVERSION = YES;
				CLANG_WARN_OBJC_ROOT_CLASS = YES_ERROR;
				CLANG_WARN_RANGE_LOOP_ANALYSIS = YES;
				CLANG_WARN_STRICT_PROTOTYPES = YES;
				CLANG_WARN_SUSPICIOUS_MOVE = YES;
				CLANG_WARN_UNREACHABLE_CODE = YES;
				CLANG_WARN__DUPLICATE_METHOD_MATCH = YES;
				"CODE_SIGN_IDENTITY[sdk=iphoneos*]" = "iPhone Developer";
				COPY_PHASE_STRIP = NO;
				DEBUG_INFORMATION_FORMAT = "dwarf-with-dsym";
				ENABLE_NS_ASSERTIONS = NO;
				ENABLE_STRICT_OBJC_MSGSEND = YES;
				GCC_C_LANGUAGE_STANDARD = gnu99;
				GCC_NO_COMMON_BLOCKS = YES;
				GCC_WARN_64_TO_32_BIT_CONVERSION = YES;
				GCC_WARN_ABOUT_RETURN_TYPE = YES_ERROR;
				GCC_WARN_UNDECLARED_SELECTOR = YES;
				GCC_WARN_UNINITIALIZED_AUTOS = YES_AGGRESSIVE;
				GCC_WARN_UNUSED_FUNCTION = YES;
				GCC_WARN_UNUSED_VARIABLE = YES;
				IPHONEOS_DEPLOYMENT_TARGET = 10.2;
				MTL_ENABLE_DEBUG_INFO = NO;
				SDKROOT = iphoneos;
				SWIFT_OPTIMIZATION_LEVEL = "-Owholemodule";
				SWIFT_VERSION = 4.0;
				TARGETED_DEVICE_FAMILY = "1,2";
				VALIDATE_PRODUCT = YES;
			};
			name = Release;
		};
		4D3717C21E4C7ED100644A0C /* Debug */ = {
			isa = XCBuildConfiguration;
			baseConfigurationReference = CF1B74EDF2A19DE8CCEF55EA /* Pods-Food Hygiene Ratings.debug.xcconfig */;
			buildSettings = {
				ASSETCATALOG_COMPILER_APPICON_NAME = AppIcon;
				DEVELOPMENT_TEAM = ZYM8DA54T6;
				INFOPLIST_FILE = "Food Hygiene Ratings/Info.plist";
				IPHONEOS_DEPLOYMENT_TARGET = 9.0;
				LD_RUNPATH_SEARCH_PATHS = "$(inherited) @executable_path/Frameworks";
				PRODUCT_BUNDLE_IDENTIFIER = com.pigdogbay.FoodHygieneRatings;
				PRODUCT_NAME = "$(TARGET_NAME)";
				SWIFT_SWIFT3_OBJC_INFERENCE = Off;
				SWIFT_VERSION = 4.0;
			};
			name = Debug;
		};
		4D3717C31E4C7ED100644A0C /* Release */ = {
			isa = XCBuildConfiguration;
			baseConfigurationReference = CC5B583BA5627A3C28384D29 /* Pods-Food Hygiene Ratings.release.xcconfig */;
			buildSettings = {
				ASSETCATALOG_COMPILER_APPICON_NAME = AppIcon;
				DEVELOPMENT_TEAM = ZYM8DA54T6;
				INFOPLIST_FILE = "Food Hygiene Ratings/Info.plist";
				IPHONEOS_DEPLOYMENT_TARGET = 9.0;
				LD_RUNPATH_SEARCH_PATHS = "$(inherited) @executable_path/Frameworks";
				PRODUCT_BUNDLE_IDENTIFIER = com.pigdogbay.FoodHygieneRatings;
				PRODUCT_NAME = "$(TARGET_NAME)";
				SWIFT_SWIFT3_OBJC_INFERENCE = Off;
				SWIFT_VERSION = 4.0;
			};
			name = Release;
		};
		4D3717E71E4DC33000644A0C /* Debug */ = {
			isa = XCBuildConfiguration;
			baseConfigurationReference = 33986B8773B33D48AF71E46E /* Pods-Food Hygiene Ratings-FoodHygieneRatingsTests.debug.xcconfig */;
			buildSettings = {
				BUNDLE_LOADER = "$(TEST_HOST)";
				DEVELOPMENT_TEAM = ZYM8DA54T6;
				INFOPLIST_FILE = FoodHygieneRatingsTests/Info.plist;
				LD_RUNPATH_SEARCH_PATHS = "$(inherited) @executable_path/Frameworks @loader_path/Frameworks";
				PRODUCT_BUNDLE_IDENTIFIER = com.pigdogbay.FoodHygieneRatingsTests;
				PRODUCT_NAME = "$(TARGET_NAME)";
				SWIFT_SWIFT3_OBJC_INFERENCE = Off;
				SWIFT_VERSION = 4.0;
				TEST_HOST = "$(BUILT_PRODUCTS_DIR)/Food Hygiene Ratings.app/Food Hygiene Ratings";
			};
			name = Debug;
		};
		4D3717E81E4DC33000644A0C /* Release */ = {
			isa = XCBuildConfiguration;
			baseConfigurationReference = 7FBD16ED9140BB09C083E32D /* Pods-Food Hygiene Ratings-FoodHygieneRatingsTests.release.xcconfig */;
			buildSettings = {
				BUNDLE_LOADER = "$(TEST_HOST)";
				DEVELOPMENT_TEAM = ZYM8DA54T6;
				INFOPLIST_FILE = FoodHygieneRatingsTests/Info.plist;
				LD_RUNPATH_SEARCH_PATHS = "$(inherited) @executable_path/Frameworks @loader_path/Frameworks";
				PRODUCT_BUNDLE_IDENTIFIER = com.pigdogbay.FoodHygieneRatingsTests;
				PRODUCT_NAME = "$(TARGET_NAME)";
				SWIFT_SWIFT3_OBJC_INFERENCE = Off;
				SWIFT_VERSION = 4.0;
				TEST_HOST = "$(BUILT_PRODUCTS_DIR)/Food Hygiene Ratings.app/Food Hygiene Ratings";
			};
			name = Release;
		};
/* End XCBuildConfiguration section */

/* Begin XCConfigurationList section */
		4D3717AA1E4C7ED100644A0C /* Build configuration list for PBXProject "Food Hygiene Ratings" */ = {
			isa = XCConfigurationList;
			buildConfigurations = (
				4D3717BF1E4C7ED100644A0C /* Debug */,
				4D3717C01E4C7ED100644A0C /* Release */,
			);
			defaultConfigurationIsVisible = 0;
			defaultConfigurationName = Release;
		};
		4D3717C11E4C7ED100644A0C /* Build configuration list for PBXNativeTarget "Food Hygiene Ratings" */ = {
			isa = XCConfigurationList;
			buildConfigurations = (
				4D3717C21E4C7ED100644A0C /* Debug */,
				4D3717C31E4C7ED100644A0C /* Release */,
			);
			defaultConfigurationIsVisible = 0;
			defaultConfigurationName = Release;
		};
		4D3717E61E4DC33000644A0C /* Build configuration list for PBXNativeTarget "FoodHygieneRatingsTests" */ = {
			isa = XCConfigurationList;
			buildConfigurations = (
				4D3717E71E4DC33000644A0C /* Debug */,
				4D3717E81E4DC33000644A0C /* Release */,
			);
			defaultConfigurationIsVisible = 0;
			defaultConfigurationName = Release;
		};
/* End XCConfigurationList section */
	};
	rootObject = 4D3717A71E4C7ED100644A0C /* Project object */;
}
